{
  "name": "check_icon_state_manifest",
  "version": "1.0.0",
  "lockfileVersion": 1,
  "requires": true,
  "dependencies": {
    "coffeescript": {
      "version": "2.5.1",
      "resolved": "https://registry.npmjs.org/coffeescript/-/coffeescript-2.5.1.tgz",
      "integrity": "sha512-J2jRPX0eeFh5VKyVnoLrfVFgLZtnnmp96WQSLAS8OrLm2wtQLcnikYKe1gViJKDH7vucjuhHvBKKBP3rKcD1tQ=="
    },
    "crc-32": {
      "version": "0.3.0",
      "resolved": "https://registry.npmjs.org/crc-32/-/crc-32-0.3.0.tgz",
      "integrity": "sha1-aj02h/W67EH36bmf4ZU6Ll0Zd14="
    },
    "png-chunks-extract": {
      "version": "1.0.0",
      "resolved": "https://registry.npmjs.org/png-chunks-extract/-/png-chunks-extract-1.0.0.tgz",
      "integrity": "sha1-+tSpBeZmUhlzUcZeNbksZDEeRy0=",
      "requires": {
        "crc-32": "^0.3.0"
      }
    }
  }
}
